// !$*UTF8*$!
{
	archiveVersion = 1;
	classes = {
	};
	objectVersion = 77;
	objects = {

/* Begin PBXContainerItemProxy section */
		544D1E132E844A5600A48FC3 /* PBXContainerItemProxy */ = {
			isa = PBXContainerItemProxy;
			containerPortal = 544D1DF92E844A5400A48FC3 /* Project object */;
			proxyType = 1;
			remoteGlobalIDString = 544D1E002E844A5400A48FC3;
			remoteInfo = TransitGun;
		};
		544D1E1D2E844A5600A48FC3 /* PBXContainerItemProxy */ = {
			isa = PBXContainerItemProxy;
			containerPortal = 544D1DF92E844A5400A48FC3 /* Project object */;
			proxyType = 1;
			remoteGlobalIDString = 544D1E002E844A5400A48FC3;
			remoteInfo = TransitGun;
		};
/* End PBXContainerItemProxy section */

/* Begin PBXFileReference section */
		544D1E012E844A5400A48FC3 /* TransitGun.app */ = {isa = PBXFileReference; explicitFileType = wrapper.application; includeInIndex = 0; path = TransitGun.app; sourceTree = BUILT_PRODUCTS_DIR; };
		544D1E122E844A5600A48FC3 /* TransitGunTests.xctest */ = {isa = PBXFileReference; explicitFileType = wrapper.cfbundle; includeInIndex = 0; path = TransitGunTests.xctest; sourceTree = BUILT_PRODUCTS_DIR; };
		544D1E1C2E844A5600A48FC3 /* TransitGunUITests.xctest */ = {isa = PBXFileReference; explicitFileType = wrapper.cfbundle; includeInIndex = 0; path = TransitGunUITests.xctest; sourceTree = BUILT_PRODUCTS_DIR; };
/* End PBXFileReference section */

/* Begin PBXFileSystemSynchronizedRootGroup section */
		544D1E032E844A5400A48FC3 /* TransitGun */ = {
			isa = PBXFileSystemSynchronizedRootGroup;
			path = TransitGun;
			sourceTree = "<group>";
		};
		544D1E152E844A5600A48FC3 /* TransitGunTests */ = {
			isa = PBXFileSystemSynchronizedRootGroup;
			path = TransitGunTests;
			sourceTree = "<group>";
		};
		544D1E1F2E844A5600A48FC3 /* TransitGunUITests */ = {
			isa = PBXFileSystemSynchronizedRootGroup;
			path = TransitGunUITests;
			sourceTree = "<group>";
		};
/* End PBXFileSystemSynchronizedRootGroup section */

/* Begin PBXFrameworksBuildPhase section */
		544D1DFE2E844A5400A48FC3 /* Frameworks */ = {
			isa = PBXFrameworksBuildPhase;
			buildActionMask = 2147483647;
			files = (
			);
			runOnlyForDeploymentPostprocessing = 0;
		};
		544D1E0F2E844A5600A48FC3 /* Frameworks */ = {
			isa = PBXFrameworksBuildPhase;
			buildActionMask = 2147483647;
			files = (
			);
			runOnlyForDeploymentPostprocessing = 0;
		};
		544D1E192E844A5600A48FC3 /* Frameworks */ = {
			isa = PBXFrameworksBuildPhase;
			buildActionMask = 2147483647;
			files = (
			);
			runOnlyForDeploymentPostprocessing = 0;
		};
/* End PBXFrameworksBuildPhase section */

/* Begin PBXGroup section */
		544D1DF82E844A5400A48FC3 = {
			isa = PBXGroup;
			children = (
				544D1E032E844A5400A48FC3 /* TransitGun */,
				544D1E152E844A5600A48FC3 /* TransitGunTests */,
				544D1E1F2E844A5600A48FC3 /* TransitGunUITests */,
				544D1E022E844A5400A48FC3 /* Products */,
			);
			sourceTree = "<group>";
		};
		544D1E022E844A5400A48FC3 /* Products */ = {
			isa = PBXGroup;
			children = (
				544D1E012E844A5400A48FC3 /* TransitGun.app */,
				544D1E122E844A5600A48FC3 /* TransitGunTests.xctest */,
				544D1E1C2E844A5600A48FC3 /* TransitGunUITests.xctest */,
			);
			name = Products;
			sourceTree = "<group>";
		};
/* End PBXGroup section */

/* Begin PBXNativeTarget section */
		544D1E002E844A5400A48FC3 /* TransitGun */ = {
			isa = PBXNativeTarget;
			buildConfigurationList = 544D1E262E844A5600A48FC3 /* Build configuration list for PBXNativeTarget "TransitGun" */;
			buildPhases = (
				544D1DFD2E844A5400A48FC3 /* Sources */,
				544D1DFE2E844A5400A48FC3 /* Frameworks */,
				544D1DFF2E844A5400A48FC3 /* Resources */,
			);
			buildRules = (
			);
			dependencies = (
			);
			fileSystemSynchronizedGroups = (
				544D1E032E844A5400A48FC3 /* TransitGun */,
			);
			name = TransitGun;
			packageProductDependencies = (
			);
			productName = TransitGun;
			productReference = 544D1E012E844A5400A48FC3 /* TransitGun.app */;
			productType = "com.apple.product-type.application";
		};
		544D1E112E844A5600A48FC3 /* TransitGunTests */ = {
			isa = PBXNativeTarget;
			buildConfigurationList = 544D1E292E844A5600A48FC3 /* Build configuration list for PBXNativeTarget "TransitGunTests" */;
			buildPhases = (
				544D1E0E2E844A5600A48FC3 /* Sources */,
				544D1E0F2E844A5600A48FC3 /* Frameworks */,
				544D1E102E844A5600A48FC3 /* Resources */,
			);
			buildRules = (
			);
			dependencies = (
				544D1E142E844A5600A48FC3 /* PBXTargetDependency */,
			);
			fileSystemSynchronizedGroups = (
				544D1E152E844A5600A48FC3 /* TransitGunTests */,
			);
			name = TransitGunTests;
			packageProductDependencies = (
			);
			productName = TransitGunTests;
			productReference = 544D1E122E844A5600A48FC3 /* TransitGunTests.xctest */;
			productType = "com.apple.product-type.bundle.unit-test";
		};
		544D1E1B2E844A5600A48FC3 /* TransitGunUITests */ = {
			isa = PBXNativeTarget;
			buildConfigurationList = 544D1E2C2E844A5600A48FC3 /* Build configuration list for PBXNativeTarget "TransitGunUITests" */;
			buildPhases = (
				544D1E182E844A5600A48FC3 /* Sources */,
				544D1E192E844A5600A48FC3 /* Frameworks */,
				544D1E1A2E844A5600A48FC3 /* Resources */,
			);
			buildRules = (
			);
			dependencies = (
				544D1E1E2E844A5600A48FC3 /* PBXTargetDependency */,
			);
			fileSystemSynchronizedGroups = (
				544D1E1F2E844A5600A48FC3 /* TransitGunUITests */,
			);
			name = TransitGunUITests;
			packageProductDependencies = (
			);
			productName = TransitGunUITests;
			productReference = 544D1E1C2E844A5600A48FC3 /* TransitGunUITests.xctest */;
			productType = "com.apple.product-type.bundle.ui-testing";
		};
/* End PBXNativeTarget section */

/* Begin PBXProject section */
		544D1DF92E844A5400A48FC3 /* Project object */ = {
			isa = PBXProject;
			attributes = {
				BuildIndependentTargetsInParallel = 1;
				LastSwiftUpdateCheck = 1640;
				LastUpgradeCheck = 1640;
				TargetAttributes = {
					544D1E002E844A5400A48FC3 = {
						CreatedOnToolsVersion = 16.4;
					};
					544D1E112E844A5600A48FC3 = {
						CreatedOnToolsVersion = 16.4;
						TestTargetID = 544D1E002E844A5400A48FC3;
					};
					544D1E1B2E844A5600A48FC3 = {
						CreatedOnToolsVersion = 16.4;
						TestTargetID = 544D1E002E844A5400A48FC3;
					};
				};
			};
			buildConfigurationList = 544D1DFC2E844A5400A48FC3 /* Build configuration list for PBXProject "TransitGun" */;
			developmentRegion = en;
			hasScannedForEncodings = 0;
			knownRegions = (
				en,
				Base,
			);
			mainGroup = 544D1DF82E844A5400A48FC3;
			minimizedProjectReferenceProxies = 1;
			preferredProjectObjectVersion = 77;
			productRefGroup = 544D1E022E844A5400A48FC3 /* Products */;
			projectDirPath = "";
			projectRoot = "";
			targets = (
				544D1E002E844A5400A48FC3 /* TransitGun */,
				544D1E112E844A5600A48FC3 /* TransitGunTests */,
				544D1E1B2E844A5600A48FC3 /* TransitGunUITests */,
			);
		};
/* End PBXProject section */

/* Begin PBXResourcesBuildPhase section */
		544D1DFF2E844A5400A48FC3 /* Resources */ = {
			isa = PBXResourcesBuildPhase;
			buildActionMask = 2147483647;
			files = (
			);
			runOnlyForDeploymentPostprocessing = 0;
		};
		544D1E102E844A5600A48FC3 /* Resources */ = {
			isa = PBXResourcesBuildPhase;
			buildActionMask = 2147483647;
			files = (
			);
			runOnlyForDeploymentPostprocessing = 0;
		};
		544D1E1A2E844A5600A48FC3 /* Resources */ = {
			isa = PBXResourcesBuildPhase;
			buildActionMask = 2147483647;
			files = (
			);
			runOnlyForDeploymentPostprocessing = 0;
		};
/* End PBXResourcesBuildPhase section */

/* Begin PBXSourcesBuildPhase section */
		544D1DFD2E844A5400A48FC3 /* Sources */ = {
			isa = PBXSourcesBuildPhase;
			buildActionMask = 2147483647;
			files = (
			);
			runOnlyForDeploymentPostprocessing = 0;
		};
		544D1E0E2E844A5600A48FC3 /* Sources */ = {
			isa = PBXSourcesBuildPhase;
			buildActionMask = 2147483647;
			files = (
			);
			runOnlyForDeploymentPostprocessing = 0;
		};
		544D1E182E844A5600A48FC3 /* Sources */ = {
			isa = PBXSourcesBuildPhase;
			buildActionMask = 2147483647;
			files = (
			);
			runOnlyForDeploymentPostprocessing = 0;
		};
/* End PBXSourcesBuildPhase section */

/* Begin PBXTargetDependency section */
		544D1E142E844A5600A48FC3 /* PBXTargetDependency */ = {
			isa = PBXTargetDependency;
			target = 544D1E002E844A5400A48FC3 /* TransitGun */;
			targetProxy = 544D1E132E844A5600A48FC3 /* PBXContainerItemProxy */;
		};
		544D1E1E2E844A5600A48FC3 /* PBXTargetDependency */ = {
			isa = PBXTargetDependency;
			target = 544D1E002E844A5400A48FC3 /* TransitGun */;
			targetProxy = 544D1E1D2E844A5600A48FC3 /* PBXContainerItemProxy */;
		};
/* End PBXTargetDependency section */

/* Begin XCBuildConfiguration section */
		544D1E242E844A5600A48FC3 /* Debug */ = {
			isa = XCBuildConfiguration;
			buildSettings = {
				ALWAYS_SEARCH_USER_PATHS = NO;
				ASSETCATALOG_COMPILER_GENERATE_SWIFT_ASSET_SYMBOL_EXTENSIONS = YES;
				CLANG_ANALYZER_NONNULL = YES;
				CLANG_ANALYZER_NUMBER_OBJECT_CONVERSION = YES_AGGRESSIVE;
				CLANG_CXX_LANGUAGE_STANDARD = "gnu++20";
				CLANG_ENABLE_MODULES = YES;
				CLANG_ENABLE_OBJC_ARC = YES;
				CLANG_ENABLE_OBJC_WEAK = YES;
				CLANG_WARN_BLOCK_CAPTURE_AUTORELEASING = YES;
				CLANG_WARN_BOOL_CONVERSION = YES;
				CLANG_WARN_COMMA = YES;
				CLANG_WARN_CONSTANT_CONVERSION = YES;
				CLANG_WARN_DEPRECATED_OBJC_IMPLEMENTATIONS = YES;
				CLANG_WARN_DIRECT_OBJC_ISA_USAGE = YES_ERROR;
				CLANG_WARN_DOCUMENTATION_COMMENTS = YES;
				CLANG_WARN_EMPTY_BODY = YES;
				CLANG_WARN_ENUM_CONVERSION = YES;
				CLANG_WARN_INFINITE_RECURSION = YES;
				CLANG_WARN_INT_CONVERSION = YES;
				CLANG_WARN_NON_LITERAL_NULL_CONVERSION = YES;
				CLANG_WARN_OBJC_IMPLICIT_RETAIN_SELF = YES;
				CLANG_WARN_OBJC_LITERAL_CONVERSION = YES;
				CLANG_WARN_OBJC_ROOT_CLASS = YES_ERROR;
				CLANG_WARN_QUOTED_INCLUDE_IN_FRAMEWORK_HEADER = YES;
				CLANG_WARN_RANGE_LOOP_ANALYSIS = YES;
				CLANG_WARN_STRICT_PROTOTYPES = YES;
				CLANG_WARN_SUSPICIOUS_MOVE = YES;
				CLANG_WARN_UNGUARDED_AVAILABILITY = YES_AGGRESSIVE;
				CLANG_WARN_UNREACHABLE_CODE = YES;
				CLANG_WARN__DUPLICATE_METHOD_MATCH = YES;
				COPY_PHASE_STRIP = NO;
				DEBUG_INFORMATION_FORMAT = dwarf;
				DEVELOPMENT_TEAM = 643MMTHJUQ;
				ENABLE_STRICT_OBJC_MSGSEND = YES;
				ENABLE_TESTABILITY = YES;
				ENABLE_USER_SCRIPT_SANDBOXING = YES;
				GCC_C_LANGUAGE_STANDARD = gnu17;
				GCC_DYNAMIC_NO_PIC = NO;
				GCC_NO_COMMON_BLOCKS = YES;
				GCC_OPTIMIZATION_LEVEL = 0;
				GCC_PREPROCESSOR_DEFINITIONS = (
					"DEBUG=1",
					"$(inherited)",
				);
				GCC_WARN_64_TO_32_BIT_CONVERSION = YES;
				GCC_WARN_ABOUT_RETURN_TYPE = YES_ERROR;
				GCC_WARN_UNDECLARED_SELECTOR = YES;
				GCC_WARN_UNINITIALIZED_AUTOS = YES_AGGRESSIVE;
				GCC_WARN_UNUSED_FUNCTION = YES;
				GCC_WARN_UNUSED_VARIABLE = YES;
				LOCALIZATION_PREFERS_STRING_CATALOGS = YES;
				MACOSX_DEPLOYMENT_TARGET = 15.5;
				MTL_ENABLE_DEBUG_INFO = INCLUDE_SOURCE;
				MTL_FAST_MATH = YES;
				ONLY_ACTIVE_ARCH = YES;
				SDKROOT = macosx;
				SWIFT_ACTIVE_COMPILATION_CONDITIONS = "DEBUG $(inherited)";
				SWIFT_OPTIMIZATION_LEVEL = "-Onone";
			};
			name = Debug;
		};
		544D1E252E844A5600A48FC3 /* Release */ = {
			isa = XCBuildConfiguration;
			buildSettings = {
				ALWAYS_SEARCH_USER_PATHS = NO;
				ASSETCATALOG_COMPILER_GENERATE_SWIFT_ASSET_SYMBOL_EXTENSIONS = YES;
				CLANG_ANALYZER_NONNULL = YES;
				CLANG_ANALYZER_NUMBER_OBJECT_CONVERSION = YES_AGGRESSIVE;
				CLANG_CXX_LANGUAGE_STANDARD = "gnu++20";
				CLANG_ENABLE_MODULES = YES;
				CLANG_ENABLE_OBJC_ARC = YES;
				CLANG_ENABLE_OBJC_WEAK = YES;
				CLANG_WARN_BLOCK_CAPTURE_AUTORELEASING = YES;
				CLANG_WARN_BOOL_CONVERSION = YES;
				CLANG_WARN_COMMA = YES;
				CLANG_WARN_CONSTANT_CONVERSION = YES;
				CLANG_WARN_DEPRECATED_OBJC_IMPLEMENTATIONS = YES;
				CLANG_WARN_DIRECT_OBJC_ISA_USAGE = YES_ERROR;
				CLANG_WARN_DOCUMENTATION_COMMENTS = YES;
				CLANG_WARN_EMPTY_BODY = YES;
				CLANG_WARN_ENUM_CONVERSION = YES;
				CLANG_WARN_INFINITE_RECURSION = YES;
				CLANG_WARN_INT_CONVERSION = YES;
				CLANG_WARN_NON_LITERAL_NULL_CONVERSION = YES;
				CLANG_WARN_OBJC_IMPLICIT_RETAIN_SELF = YES;
				CLANG_WARN_OBJC_LITERAL_CONVERSION = YES;
				CLANG_WARN_OBJC_ROOT_CLASS = YES_ERROR;
				CLANG_WARN_QUOTED_INCLUDE_IN_FRAMEWORK_HEADER = YES;
				CLANG_WARN_RANGE_LOOP_ANALYSIS = YES;
				CLANG_WARN_STRICT_PROTOTYPES = YES;
				CLANG_WARN_SUSPICIOUS_MOVE = YES;
				CLANG_WARN_UNGUARDED_AVAILABILITY = YES_AGGRESSIVE;
				CLANG_WARN_UNREACHABLE_CODE = YES;
				CLANG_WARN__DUPLICATE_METHOD_MATCH = YES;
				COPY_PHASE_STRIP = NO;
				DEBUG_INFORMATION_FORMAT = "dwarf-with-dsym";
				DEVELOPMENT_TEAM = 643MMTHJUQ;
				ENABLE_NS_ASSERTIONS = NO;
				ENABLE_STRICT_OBJC_MSGSEND = YES;
				ENABLE_USER_SCRIPT_SANDBOXING = YES;
				GCC_C_LANGUAGE_STANDARD = gnu17;
				GCC_NO_COMMON_BLOCKS = YES;
				GCC_WARN_64_TO_32_BIT_CONVERSION = YES;
				GCC_WARN_ABOUT_RETURN_TYPE = YES_ERROR;
				GCC_WARN_UNDECLARED_SELECTOR = YES;
				GCC_WARN_UNINITIALIZED_AUTOS = YES_AGGRESSIVE;
				GCC_WARN_UNUSED_FUNCTION = YES;
				GCC_WARN_UNUSED_VARIABLE = YES;
				LOCALIZATION_PREFERS_STRING_CATALOGS = YES;
				MACOSX_DEPLOYMENT_TARGET = 15.5;
				MTL_ENABLE_DEBUG_INFO = NO;
				MTL_FAST_MATH = YES;
				SDKROOT = macosx;
				SWIFT_COMPILATION_MODE = wholemodule;
			};
			name = Release;
		};
		544D1E272E844A5600A48FC3 /* Debug */ = {
			isa = XCBuildConfiguration;
			buildSettings = {
				ASSETCATALOG_COMPILER_APPICON_NAME = AppIcon;
				ASSETCATALOG_COMPILER_GLOBAL_ACCENT_COLOR_NAME = AccentColor;
				CODE_SIGN_ENTITLEMENTS = TransitGun/TransitGun.entitlements;
				CODE_SIGN_STYLE = Automatic;
				COMBINE_HIDPI_IMAGES = YES;
				CURRENT_PROJECT_VERSION = 1;
				DEVELOPMENT_TEAM = 643MMTHJUQ;
				ENABLE_HARDENED_RUNTIME = YES;
				GENERATE_INFOPLIST_FILE = YES;
				INFOPLIST_KEY_NSHumanReadableCopyright = "";
				INFOPLIST_KEY_NSMainStoryboardFile = Main;
				INFOPLIST_KEY_NSPrincipalClass = NSApplication;
				LD_RUNPATH_SEARCH_PATHS = (
					"$(inherited)",
					"@executable_path/../Frameworks",
				);
				MARKETING_VERSION = 1.0;
				PRODUCT_BUNDLE_IDENTIFIER = oceanblue.TransitGun;
				PRODUCT_NAME = "$(TARGET_NAME)";
				REGISTER_APP_GROUPS = YES;
				SWIFT_EMIT_LOC_STRINGS = YES;
				SWIFT_VERSION = 5.0;
			};
			name = Debug;
		};
		544D1E282E844A5600A48FC3 /* Release */ = {
			isa = XCBuildConfiguration;
			buildSettings = {
				ASSETCATALOG_COMPILER_APPICON_NAME = AppIcon;
				ASSETCATALOG_COMPILER_GLOBAL_ACCENT_COLOR_NAME = AccentColor;
				CODE_SIGN_ENTITLEMENTS = TransitGun/TransitGun.entitlements;
				CODE_SIGN_STYLE = Automatic;
				COMBINE_HIDPI_IMAGES = YES;
				CURRENT_PROJECT_VERSION = 1;
				DEVELOPMENT_TEAM = 643MMTHJUQ;
				ENABLE_HARDENED_RUNTIME = YES;
				GENERATE_INFOPLIST_FILE = YES;
				INFOPLIST_KEY_NSHumanReadableCopyright = "";
				INFOPLIST_KEY_NSMainStoryboardFile = Main;
				INFOPLIST_KEY_NSPrincipalClass = NSApplication;
				LD_RUNPATH_SEARCH_PATHS = (
					"$(inherited)",
					"@executable_path/../Frameworks",
				);
				MARKETING_VERSION = 1.0;
				PRODUCT_BUNDLE_IDENTIFIER = oceanblue.TransitGun;
				PRODUCT_NAME = "$(TARGET_NAME)";
				REGISTER_APP_GROUPS = YES;
				SWIFT_EMIT_LOC_STRINGS = YES;
				SWIFT_VERSION = 5.0;
			};
			name = Release;
		};
		544D1E2A2E844A5600A48FC3 /* Debug */ = {
			isa = XCBuildConfiguration;
			buildSettings = {
				BUNDLE_LOADER = "$(TEST_HOST)";
				CODE_SIGN_STYLE = Automatic;
				CURRENT_PROJECT_VERSION = 1;
				DEVELOPMENT_TEAM = 643MMTHJUQ;
				GENERATE_INFOPLIST_FILE = YES;
				MACOSX_DEPLOYMENT_TARGET = 15.5;
				MARKETING_VERSION = 1.0;
				PRODUCT_BUNDLE_IDENTIFIER = oceanblue.TransitGunTests;
				PRODUCT_NAME = "$(TARGET_NAME)";
				SWIFT_EMIT_LOC_STRINGS = NO;
				SWIFT_VERSION = 5.0;
				TEST_HOST = "$(BUILT_PRODUCTS_DIR)/TransitGun.app/$(BUNDLE_EXECUTABLE_FOLDER_PATH)/TransitGun";
			};
			name = Debug;
		};
		544D1E2B2E844A5600A48FC3 /* Release */ = {
			isa = XCBuildConfiguration;
			buildSettings = {
				BUNDLE_LOADER = "$(TEST_HOST)";
				CODE_SIGN_STYLE = Automatic;
				CURRENT_PROJECT_VERSION = 1;
				DEVELOPMENT_TEAM = 643MMTHJUQ;
				GENERATE_INFOPLIST_FILE = YES;
				MACOSX_DEPLOYMENT_TARGET = 15.5;
				MARKETING_VERSION = 1.0;
				PRODUCT_BUNDLE_IDENTIFIER = oceanblue.TransitGunTests;
				PRODUCT_NAME = "$(TARGET_NAME)";
				SWIFT_EMIT_LOC_STRINGS = NO;
				SWIFT_VERSION = 5.0;
				TEST_HOST = "$(BUILT_PRODUCTS_DIR)/TransitGun.app/$(BUNDLE_EXECUTABLE_FOLDER_PATH)/TransitGun";
			};
			name = Release;
		};
		544D1E2D2E844A5600A48FC3 /* Debug */ = {
			isa = XCBuildConfiguration;
			buildSettings = {
				CODE_SIGN_STYLE = Automatic;
				CURRENT_PROJECT_VERSION = 1;
				DEVELOPMENT_TEAM = 643MMTHJUQ;
				GENERATE_INFOPLIST_FILE = YES;
				MARKETING_VERSION = 1.0;
				PRODUCT_BUNDLE_IDENTIFIER = oceanblue.TransitGunUITests;
				PRODUCT_NAME = "$(TARGET_NAME)";
				SWIFT_EMIT_LOC_STRINGS = NO;
				SWIFT_VERSION = 5.0;
				TEST_TARGET_NAME = TransitGun;
			};
			name = Debug;
		};
		544D1E2E2E844A5600A48FC3 /* Release */ = {
			isa = XCBuildConfiguration;
			buildSettings = {
				CODE_SIGN_STYLE = Automatic;
				CURRENT_PROJECT_VERSION = 1;
				DEVELOPMENT_TEAM = 643MMTHJUQ;
				GENERATE_INFOPLIST_FILE = YES;
				MARKETING_VERSION = 1.0;
				PRODUCT_BUNDLE_IDENTIFIER = oceanblue.TransitGunUITests;
				PRODUCT_NAME = "$(TARGET_NAME)";
				SWIFT_EMIT_LOC_STRINGS = NO;
				SWIFT_VERSION = 5.0;
				TEST_TARGET_NAME = TransitGun;
			};
			name = Release;
		};
/* End XCBuildConfiguration section */

/* Begin XCConfigurationList section */
		544D1DFC2E844A5400A48FC3 /* Build configuration list for PBXProject "TransitGun" */ = {
			isa = XCConfigurationList;
			buildConfigurations = (
				544D1E242E844A5600A48FC3 /* Debug */,
				544D1E252E844A5600A48FC3 /* Release */,
			);
			defaultConfigurationIsVisible = 0;
			defaultConfigurationName = Release;
		};
		544D1E262E844A5600A48FC3 /* Build configuration list for PBXNativeTarget "TransitGun" */ = {
			isa = XCConfigurationList;
			buildConfigurations = (
				544D1E272E844A5600A48FC3 /* Debug */,
				544D1E282E844A5600A48FC3 /* Release */,
			);
			defaultConfigurationIsVisible = 0;
			defaultConfigurationName = Release;
		};
		544D1E292E844A5600A48FC3 /* Build configuration list for PBXNativeTarget "TransitGunTests" */ = {
			isa = XCConfigurationList;
			buildConfigurations = (
				544D1E2A2E844A5600A48FC3 /* Debug */,
				544D1E2B2E844A5600A48FC3 /* Release */,
			);
			defaultConfigurationIsVisible = 0;
			defaultConfigurationName = Release;
		};
		544D1E2C2E844A5600A48FC3 /* Build configuration list for PBXNativeTarget "TransitGunUITests" */ = {
			isa = XCConfigurationList;
			buildConfigurations = (
				544D1E2D2E844A5600A48FC3 /* Debug */,
				544D1E2E2E844A5600A48FC3 /* Release */,
			);
			defaultConfigurationIsVisible = 0;
			defaultConfigurationName = Release;
		};
/* End XCConfigurationList section */
	};
	rootObject = 544D1DF92E844A5400A48FC3 /* Project object */;
}
