// !$*UTF8*$!
{
	archiveVersion = 1;
	classes = {
	};
	objectVersion = 56;
	objects = {

/* Begin PBXBuildFile section */
		1A123456789ABCDEF0000001 /* FeldervichApp.swift in Sources */ = {isa = PBXBuildFile; fileRef = 1A123456789ABCDEF0000011 /* FeldervichApp.swift */; };
		1A123456789ABCDEF0000002 /* ContentView.swift in Sources */ = {isa = PBXBuildFile; fileRef = 1A123456789ABCDEF0000012 /* ContentView.swift */; };
		1A123456789ABCDEF0000003 /* FileManagerView.swift in Sources */ = {isa = PBXBuildFile; fileRef = 1A123456789ABCDEF0000013 /* FileManagerView.swift */; };
		1A123456789ABCDEF0000004 /* SidebarView.swift in Sources */ = {isa = PBXBuildFile; fileRef = 1A123456789ABCDEF0000014 /* SidebarView.swift */; };
		1A123456789ABCDEF0000005 /* FileListView.swift in Sources */ = {isa = PBXBuildFile; fileRef = 1A123456789ABCDEF0000015 /* FileListView.swift */; };
		1A123456789ABCDEF0000006 /* FileOperations.swift in Sources */ = {isa = PBXBuildFile; fileRef = 1A123456789ABCDEF0000016 /* FileOperations.swift */; };
		1A123456789ABCDEF0000007 /* PinnedFoldersManager.swift in Sources */ = {isa = PBXBuildFile; fileRef = 1A123456789ABCDEF0000017 /* PinnedFoldersManager.swift */; };
		1A123456789ABCDEF0000008 /* Assets.xcassets in Resources */ = {isa = PBXBuildFile; fileRef = 1A123456789ABCDEF0000018 /* Assets.xcassets */; };
		1A123456789ABCDEF0000009 /* Preview Assets.xcassets in Resources */ = {isa = PBXBuildFile; fileRef = 1A123456789ABCDEF0000019 /* Preview Assets.xcassets */; };
		5484C89B2DF72B7000737172 /* SQLite in Frameworks */ = {isa = PBXBuildFile; productRef = 5484C89A2DF72B7000737172 /* SQLite */; };
		5484C89D2DF72C9400737172 /* DatabaseManager.swift in Sources */ = {isa = PBXBuildFile; fileRef = 5484C89C2DF72C9400737172 /* DatabaseManager.swift */; };
/* End PBXBuildFile section */

/* Begin PBXFileReference section */
		1A123456789ABCDEF0000010 /* Feldervich.app */ = {isa = PBXFileReference; explicitFileType = wrapper.application; includeInIndex = 0; path = Feldervich.app; sourceTree = BUILT_PRODUCTS_DIR; };
		1A123456789ABCDEF0000011 /* FeldervichApp.swift */ = {isa = PBXFileReference; lastKnownFileType = sourcecode.swift; path = FeldervichApp.swift; sourceTree = "<group>"; };
		1A123456789ABCDEF0000012 /* ContentView.swift */ = {isa = PBXFileReference; lastKnownFileType = sourcecode.swift; path = ContentView.swift; sourceTree = "<group>"; };
		1A123456789ABCDEF0000013 /* FileManagerView.swift */ = {isa = PBXFileReference; lastKnownFileType = sourcecode.swift; path = FileManagerView.swift; sourceTree = "<group>"; };
		1A123456789ABCDEF0000014 /* SidebarView.swift */ = {isa = PBXFileReference; lastKnownFileType = sourcecode.swift; path = SidebarView.swift; sourceTree = "<group>"; };
		1A123456789ABCDEF0000015 /* FileListView.swift */ = {isa = PBXFileReference; lastKnownFileType = sourcecode.swift; path = FileListView.swift; sourceTree = "<group>"; };
		1A123456789ABCDEF0000016 /* FileOperations.swift */ = {isa = PBXFileReference; lastKnownFileType = sourcecode.swift; path = FileOperations.swift; sourceTree = "<group>"; };
		1A123456789ABCDEF0000017 /* PinnedFoldersManager.swift */ = {isa = PBXFileReference; lastKnownFileType = sourcecode.swift; path = PinnedFoldersManager.swift; sourceTree = "<group>"; };
		1A123456789ABCDEF0000018 /* Assets.xcassets */ = {isa = PBXFileReference; lastKnownFileType = folder.assetcatalog; path = Assets.xcassets; sourceTree = "<group>"; };
		1A123456789ABCDEF0000019 /* Preview Assets.xcassets */ = {isa = PBXFileReference; lastKnownFileType = folder.assetcatalog; path = "Preview Assets.xcassets"; sourceTree = "<group>"; };
		1A123456789ABCDEF0000020 /* Feldervich.entitlements */ = {isa = PBXFileReference; lastKnownFileType = text.plist.entitlements; path = Feldervich.entitlements; sourceTree = "<group>"; };
		1A123456789ABCDEF0000021 /* Info.plist */ = {isa = PBXFileReference; lastKnownFileType = text.plist.xml; path = Info.plist; sourceTree = "<group>"; };
		5484C89C2DF72C9400737172 /* DatabaseManager.swift */ = {isa = PBXFileReference; lastKnownFileType = sourcecode.swift; path = DatabaseManager.swift; sourceTree = "<group>"; };
/* End PBXFileReference section */

/* Begin PBXFrameworksBuildPhase section */
		1A123456789ABCDEF0000030 /* Frameworks */ = {
			isa = PBXFrameworksBuildPhase;
			buildActionMask = 2147483647;
			files = (
				5484C89B2DF72B7000737172 /* SQLite in Frameworks */,
			);
			runOnlyForDeploymentPostprocessing = 0;
		};
/* End PBXFrameworksBuildPhase section */

/* Begin PBXGroup section */
		1A123456789ABCDEF0000040 = {
			isa = PBXGroup;
			children = (
				1A123456789ABCDEF0000041 /* Feldervich */,
				1A123456789ABCDEF0000042 /* Products */,
			);
			sourceTree = "<group>";
		};
		1A123456789ABCDEF0000041 /* Feldervich */ = {
			isa = PBXGroup;
			children = (
				1A123456789ABCDEF0000011 /* FeldervichApp.swift */,
				1A123456789ABCDEF0000012 /* ContentView.swift */,
				1A123456789ABCDEF0000050 /* Views */,
				1A123456789ABCDEF0000060 /* Models */,
				1A123456789ABCDEF0000018 /* Assets.xcassets */,
				1A123456789ABCDEF0000020 /* Feldervich.entitlements */,
				1A123456789ABCDEF0000021 /* Info.plist */,
				1A123456789ABCDEF0000043 /* Preview Content */,
			);
			path = Feldervich;
			sourceTree = "<group>";
		};
		1A123456789ABCDEF0000042 /* Products */ = {
			isa = PBXGroup;
			children = (
				1A123456789ABCDEF0000010 /* Feldervich.app */,
			);
			name = Products;
			sourceTree = "<group>";
		};
		1A123456789ABCDEF0000043 /* Preview Content */ = {
			isa = PBXGroup;
			children = (
				1A123456789ABCDEF0000019 /* Preview Assets.xcassets */,
			);
			path = "Preview Content";
			sourceTree = "<group>";
		};
		1A123456789ABCDEF0000050 /* Views */ = {
			isa = PBXGroup;
			children = (
				1A123456789ABCDEF0000013 /* FileManagerView.swift */,
				1A123456789ABCDEF0000014 /* SidebarView.swift */,
				1A123456789ABCDEF0000015 /* FileListView.swift */,
			);
			path = Views;
			sourceTree = "<group>";
		};
		1A123456789ABCDEF0000060 /* Models */ = {
			isa = PBXGroup;
			children = (
				1A123456789ABCDEF0000016 /* FileOperations.swift */,
				1A123456789ABCDEF0000017 /* PinnedFoldersManager.swift */,
				5484C89C2DF72C9400737172 /* DatabaseManager.swift */,
			);
			path = Models;
			sourceTree = "<group>";
		};
/* End PBXGroup section */

/* Begin PBXNativeTarget section */
		1A123456789ABCDEF0000070 /* Feldervich */ = {
			isa = PBXNativeTarget;
			buildConfigurationList = 1A123456789ABCDEF0000080 /* Build configuration list for PBXNativeTarget "Feldervich" */;
			buildPhases = (
				1A123456789ABCDEF0000071 /* Sources */,
				1A123456789ABCDEF0000030 /* Frameworks */,
				1A123456789ABCDEF0000072 /* Resources */,
			);
			buildRules = (
			);
			dependencies = (
			);
			name = Feldervich;
			productName = Feldervich;
			productReference = 1A123456789ABCDEF0000010 /* Feldervich.app */;
			productType = "com.apple.product-type.application";
		};
/* End PBXNativeTarget section */

/* Begin PBXProject section */
		1A123456789ABCDEF0000090 /* Project object */ = {
			isa = PBXProject;
			attributes = {
				BuildIndependentTargetsInParallel = 1;
				LastSwiftUpdateCheck = 1500;
				LastUpgradeCheck = 1640;
				TargetAttributes = {
					1A123456789ABCDEF0000070 = {
						CreatedOnToolsVersion = 15.0;
					};
				};
			};
			buildConfigurationList = 1A123456789ABCDEF0000091 /* Build configuration list for PBXProject "Feldervich" */;
			compatibilityVersion = "Xcode 14.0";
			developmentRegion = en;
			hasScannedForEncodings = 0;
			knownRegions = (
				en,
				Base,
			);
			mainGroup = 1A123456789ABCDEF0000040;
			packageReferences = (
				5484C8992DF72B7000737172 /* XCRemoteSwiftPackageReference "SQLite" */,
			);
			productRefGroup = 1A123456789ABCDEF0000042 /* Products */;
			projectDirPath = "";
			projectRoot = "";
			targets = (
				1A123456789ABCDEF0000070 /* Feldervich */,
			);
		};
/* End PBXProject section */

/* Begin PBXResourcesBuildPhase section */
		1A123456789ABCDEF0000072 /* Resources */ = {
			isa = PBXResourcesBuildPhase;
			buildActionMask = 2147483647;
			files = (
				1A123456789ABCDEF0000009 /* Preview Assets.xcassets in Resources */,
				1A123456789ABCDEF0000008 /* Assets.xcassets in Resources */,
			);
			runOnlyForDeploymentPostprocessing = 0;
		};
/* End PBXResourcesBuildPhase section */

/* Begin PBXSourcesBuildPhase section */
		1A123456789ABCDEF0000071 /* Sources */ = {
			isa = PBXSourcesBuildPhase;
			buildActionMask = 2147483647;
			files = (
				5484C89D2DF72C9400737172 /* DatabaseManager.swift in Sources */,
				1A123456789ABCDEF0000001 /* FeldervichApp.swift in Sources */,
				1A123456789ABCDEF0000002 /* ContentView.swift in Sources */,
				1A123456789ABCDEF0000003 /* FileManagerView.swift in Sources */,
				1A123456789ABCDEF0000004 /* SidebarView.swift in Sources */,
				1A123456789ABCDEF0000005 /* FileListView.swift in Sources */,
				1A123456789ABCDEF0000006 /* FileOperations.swift in Sources */,
				1A123456789ABCDEF0000007 /* PinnedFoldersManager.swift in Sources */,
			);
			runOnlyForDeploymentPostprocessing = 0;
		};
/* End PBXSourcesBuildPhase section */

/* Begin XCBuildConfiguration section */
		1A123456789ABCDEF0000100 /* Debug */ = {
			isa = XCBuildConfiguration;
			buildSettings = {
				ALWAYS_SEARCH_USER_PATHS = NO;
				ASSETCATALOG_COMPILER_GENERATE_SWIFT_ASSET_SYMBOL_EXTENSIONS = YES;
				CLANG_ANALYZER_NONNULL = YES;
				CLANG_ANALYZER_NUMBER_OBJECT_CONVERSION = YES_AGGRESSIVE;
				CLANG_CXX_LANGUAGE_STANDARD = "gnu++20";
				CLANG_ENABLE_MODULES = YES;
				CLANG_ENABLE_OBJC_ARC = YES;
				CLANG_ENABLE_OBJC_WEAK = YES;
				CLANG_WARN_BLOCK_CAPTURE_AUTORELEASING = YES;
				CLANG_WARN_BOOL_CONVERSION = YES;
				CLANG_WARN_COMMA = YES;
				CLANG_WARN_CONSTANT_CONVERSION = YES;
				CLANG_WARN_DEPRECATED_OBJC_IMPLEMENTATIONS = YES;
				CLANG_WARN_DIRECT_OBJC_ISA_USAGE = YES_ERROR;
				CLANG_WARN_DOCUMENTATION_COMMENTS = YES;
				CLANG_WARN_EMPTY_BODY = YES;
				CLANG_WARN_ENUM_CONVERSION = YES;
				CLANG_WARN_INFINITE_RECURSION = YES;
				CLANG_WARN_INT_CONVERSION = YES;
				CLANG_WARN_NON_LITERAL_NULL_CONVERSION = YES;
				CLANG_WARN_OBJC_IMPLICIT_RETAIN_SELF = YES;
				CLANG_WARN_OBJC_LITERAL_CONVERSION = YES;
				CLANG_WARN_OBJC_ROOT_CLASS = YES_ERROR;
				CLANG_WARN_QUOTED_INCLUDE_IN_FRAMEWORK_HEADER = YES;
				CLANG_WARN_RANGE_LOOP_ANALYSIS = YES;
				CLANG_WARN_STRICT_PROTOTYPES = YES;
				CLANG_WARN_SUSPICIOUS_MOVE = YES;
				CLANG_WARN_UNGUARDED_AVAILABILITY = YES_AGGRESSIVE;
				CLANG_WARN_UNREACHABLE_CODE = YES;
				CLANG_WARN__DUPLICATE_METHOD_MATCH = YES;
				COPY_PHASE_STRIP = NO;
				DEAD_CODE_STRIPPING = YES;
				DEBUG_INFORMATION_FORMAT = dwarf;
				DEVELOPMENT_TEAM = 643MMTHJUQ;
				ENABLE_STRICT_OBJC_MSGSEND = YES;
				ENABLE_TESTABILITY = YES;
				ENABLE_USER_SCRIPT_SANDBOXING = YES;
				GCC_C_LANGUAGE_STANDARD = gnu17;
				GCC_DYNAMIC_NO_PIC = NO;
				GCC_NO_COMMON_BLOCKS = YES;
				GCC_OPTIMIZATION_LEVEL = 0;
				GCC_PREPROCESSOR_DEFINITIONS = (
					"DEBUG=1",
					"$(inherited)",
				);
				GCC_WARN_64_TO_32_BIT_CONVERSION = YES;
				GCC_WARN_ABOUT_RETURN_TYPE = YES_ERROR;
				GCC_WARN_UNDECLARED_SELECTOR = YES;
				GCC_WARN_UNINITIALIZED_AUTOS = YES_AGGRESSIVE;
				GCC_WARN_UNUSED_FUNCTION = YES;
				GCC_WARN_UNUSED_VARIABLE = YES;
				LOCALIZATION_PREFERS_STRING_CATALOGS = YES;
				MACOSX_DEPLOYMENT_TARGET = 13.0;
				MTL_ENABLE_DEBUG_INFO = INCLUDE_SOURCE;
				MTL_FAST_MATH = YES;
				ONLY_ACTIVE_ARCH = YES;
				SDKROOT = macosx;
				SWIFT_ACTIVE_COMPILATION_CONDITIONS = "DEBUG $(inherited)";
				SWIFT_OPTIMIZATION_LEVEL = "-Onone";
			};
			name = Debug;
		};
		1A123456789ABCDEF0000101 /* Release */ = {
			isa = XCBuildConfiguration;
			buildSettings = {
				ALWAYS_SEARCH_USER_PATHS = NO;
				ASSETCATALOG_COMPILER_GENERATE_SWIFT_ASSET_SYMBOL_EXTENSIONS = YES;
				CLANG_ANALYZER_NONNULL = YES;
				CLANG_ANALYZER_NUMBER_OBJECT_CONVERSION = YES_AGGRESSIVE;
				CLANG_CXX_LANGUAGE_STANDARD = "gnu++20";
				CLANG_ENABLE_MODULES = YES;
				CLANG_ENABLE_OBJC_ARC = YES;
				CLANG_ENABLE_OBJC_WEAK = YES;
				CLANG_WARN_BLOCK_CAPTURE_AUTORELEASING = YES;
				CLANG_WARN_BOOL_CONVERSION = YES;
				CLANG_WARN_COMMA = YES;
				CLANG_WARN_CONSTANT_CONVERSION = YES;
				CLANG_WARN_DEPRECATED_OBJC_IMPLEMENTATIONS = YES;
				CLANG_WARN_DIRECT_OBJC_ISA_USAGE = YES_ERROR;
				CLANG_WARN_DOCUMENTATION_COMMENTS = YES;
				CLANG_WARN_EMPTY_BODY = YES;
				CLANG_WARN_ENUM_CONVERSION = YES;
				CLANG_WARN_INFINITE_RECURSION = YES;
				CLANG_WARN_INT_CONVERSION = YES;
				CLANG_WARN_NON_LITERAL_NULL_CONVERSION = YES;
				CLANG_WARN_OBJC_IMPLICIT_RETAIN_SELF = YES;
				CLANG_WARN_OBJC_LITERAL_CONVERSION = YES;
				CLANG_WARN_OBJC_ROOT_CLASS = YES_ERROR;
				CLANG_WARN_QUOTED_INCLUDE_IN_FRAMEWORK_HEADER = YES;
				CLANG_WARN_RANGE_LOOP_ANALYSIS = YES;
				CLANG_WARN_STRICT_PROTOTYPES = YES;
				CLANG_WARN_SUSPICIOUS_MOVE = YES;
				CLANG_WARN_UNGUARDED_AVAILABILITY = YES_AGGRESSIVE;
				CLANG_WARN_UNREACHABLE_CODE = YES;
				CLANG_WARN__DUPLICATE_METHOD_MATCH = YES;
				COPY_PHASE_STRIP = NO;
				DEAD_CODE_STRIPPING = YES;
				DEBUG_INFORMATION_FORMAT = "dwarf-with-dsym";
				DEVELOPMENT_TEAM = 643MMTHJUQ;
				ENABLE_NS_ASSERTIONS = NO;
				ENABLE_STRICT_OBJC_MSGSEND = YES;
				ENABLE_USER_SCRIPT_SANDBOXING = YES;
				GCC_C_LANGUAGE_STANDARD = gnu17;
				GCC_NO_COMMON_BLOCKS = YES;
				GCC_WARN_64_TO_32_BIT_CONVERSION = YES;
				GCC_WARN_ABOUT_RETURN_TYPE = YES_ERROR;
				GCC_WARN_UNDECLARED_SELECTOR = YES;
				GCC_WARN_UNINITIALIZED_AUTOS = YES_AGGRESSIVE;
				GCC_WARN_UNUSED_FUNCTION = YES;
				GCC_WARN_UNUSED_VARIABLE = YES;
				LOCALIZATION_PREFERS_STRING_CATALOGS = YES;
				MACOSX_DEPLOYMENT_TARGET = 13.0;
				MTL_ENABLE_DEBUG_INFO = NO;
				MTL_FAST_MATH = YES;
				SDKROOT = macosx;
				SWIFT_COMPILATION_MODE = wholemodule;
			};
			name = Release;
		};
		1A123456789ABCDEF0000102 /* Debug */ = {
			isa = XCBuildConfiguration;
			buildSettings = {
				ASSETCATALOG_COMPILER_APPICON_NAME = AppIcon;
				ASSETCATALOG_COMPILER_GLOBAL_ACCENT_COLOR_NAME = AccentColor;
				CODE_SIGN_ENTITLEMENTS = Feldervich/Feldervich.entitlements;
				CODE_SIGN_STYLE = Automatic;
				COMBINE_HIDPI_IMAGES = YES;
				CURRENT_PROJECT_VERSION = 1;
				DEAD_CODE_STRIPPING = YES;
				DEVELOPMENT_ASSET_PATHS = "\"Feldervich/Preview Content\"";
				ENABLE_HARDENED_RUNTIME = YES;
				ENABLE_PREVIEWS = YES;
				GENERATE_INFOPLIST_FILE = NO;
				INFOPLIST_FILE = Feldervich/Info.plist;
				INFOPLIST_KEY_CFBundleDisplayName = Feldervich;
				INFOPLIST_KEY_LSApplicationCategoryType = "public.app-category.productivity";
				INFOPLIST_KEY_NSHumanReadableCopyright = "";
				LD_RUNPATH_SEARCH_PATHS = (
					"$(inherited)",
					"@executable_path/../Frameworks",
				);
				MARKETING_VERSION = 1.0;
				PRODUCT_BUNDLE_IDENTIFIER = com.feldervich.app;
				PRODUCT_NAME = "$(TARGET_NAME)";
				SWIFT_EMIT_LOC_STRINGS = YES;
				SWIFT_VERSION = 5.0;
			};
			name = Debug;
		};
		1A123456789ABCDEF0000103 /* Release */ = {
			isa = XCBuildConfiguration;
			buildSettings = {
				ASSETCATALOG_COMPILER_APPICON_NAME = AppIcon;
				ASSETCATALOG_COMPILER_GLOBAL_ACCENT_COLOR_NAME = AccentColor;
				CODE_SIGN_ENTITLEMENTS = Feldervich/Feldervich.entitlements;
				CODE_SIGN_STYLE = Automatic;
				COMBINE_HIDPI_IMAGES = YES;
				CURRENT_PROJECT_VERSION = 1;
				DEAD_CODE_STRIPPING = YES;
				DEVELOPMENT_ASSET_PATHS = "\"Feldervich/Preview Content\"";
				ENABLE_HARDENED_RUNTIME = YES;
				ENABLE_PREVIEWS = YES;
				GENERATE_INFOPLIST_FILE = NO;
				INFOPLIST_FILE = Feldervich/Info.plist;
				INFOPLIST_KEY_CFBundleDisplayName = Feldervich;
				INFOPLIST_KEY_LSApplicationCategoryType = "public.app-category.productivity";
				INFOPLIST_KEY_NSHumanReadableCopyright = "";
				LD_RUNPATH_SEARCH_PATHS = (
					"$(inherited)",
					"@executable_path/../Frameworks",
				);
				MARKETING_VERSION = 1.0;
				PRODUCT_BUNDLE_IDENTIFIER = com.feldervich.app;
				PRODUCT_NAME = "$(TARGET_NAME)";
				SWIFT_EMIT_LOC_STRINGS = YES;
				SWIFT_VERSION = 5.0;
			};
			name = Release;
		};
/* End XCBuildConfiguration section */

/* Begin XCConfigurationList section */
		1A123456789ABCDEF0000080 /* Build configuration list for PBXNativeTarget "Feldervich" */ = {
			isa = XCConfigurationList;
			buildConfigurations = (
				1A123456789ABCDEF0000102 /* Debug */,
				1A123456789ABCDEF0000103 /* Release */,
			);
			defaultConfigurationIsVisible = 0;
			defaultConfigurationName = Release;
		};
		1A123456789ABCDEF0000091 /* Build configuration list for PBXProject "Feldervich" */ = {
			isa = XCConfigurationList;
			buildConfigurations = (
				1A123456789ABCDEF0000100 /* Debug */,
				1A123456789ABCDEF0000101 /* Release */,
			);
			defaultConfigurationIsVisible = 0;
			defaultConfigurationName = Release;
		};
/* End XCConfigurationList section */

/* Begin XCRemoteSwiftPackageReference section */
		5484C8992DF72B7000737172 /* XCRemoteSwiftPackageReference "SQLite" */ = {
			isa = XCRemoteSwiftPackageReference;
			repositoryURL = "https://github.com/stephencelis/SQLite.swift";
			requirement = {
				kind = upToNextMajorVersion;
				minimumVersion = 0.15.3;
			};
		};
/* End XCRemoteSwiftPackageReference section */

/* Begin XCSwiftPackageProductDependency section */
		5484C89A2DF72B7000737172 /* SQLite */ = {
			isa = XCSwiftPackageProductDependency;
			package = 5484C8992DF72B7000737172 /* XCRemoteSwiftPackageReference "SQLite" */;
			productName = SQLite;
		};
/* End XCSwiftPackageProductDependency section */
	};
	rootObject = 1A123456789ABCDEF0000090 /* Project object */;
}
